
Microsoft Visual Studio Solution File, Format Version 12.00
# Visual Studio Version 17
VisualStudioVersion = 17.5.33516.290
MinimumVisualStudioVersion = 10.0.40219.1
Project("{FAE04EC0-301F-11D3-BF4B-00C04F79EFBC}") = "MathQuiz", "MathQuiz\MathQuiz.csproj", "{6E2BA397-2BF0-47CA-BF1A-7F6275FE839C}"
EndProject
Global
	GlobalSection(SolutionConfigurationPlatforms) = preSolution
		Debug|Any CPU = Debug|Any CPU
		Release|Any CPU = Release|Any CPU
	EndGlobalSection
	GlobalSection(ProjectConfigurationPlatforms) = postSolution
		{6E2BA397-2BF0-47CA-BF1A-7F6275FE839C}.Debug|Any CPU.ActiveCfg = Debug|Any CPU
		{6E2BA397-2BF0-47CA-BF1A-7F6275FE839C}.Debug|Any CPU.Build.0 = Debug|Any CPU
		{6E2BA397-2BF0-47CA-BF1A-7F6275FE839C}.Release|Any CPU.ActiveCfg = Release|Any CPU
		{6E2BA397-2BF0-47CA-BF1A-7F6275FE839C}.Release|Any CPU.Build.0 = Release|Any CPU
	EndGlobalSection
	GlobalSection(SolutionProperties) = preSolution
		HideSolutionNode = FALSE
	EndGlobalSection
	GlobalSection(ExtensibilityGlobals) = postSolution
		SolutionGuid = {4C315A18-DF6C-4723-B08E-445BA3D58A34}
	EndGlobalSection
EndGlobal
